
Microsoft Visual Studio Solution File, Format Version 12.00
# Visual Studio Version 17
VisualStudioVersion = 17.8.34525.116
MinimumVisualStudioVersion = 10.0.40219.1
Project("{FAE04EC0-301F-11D3-BF4B-00C04F79EFBC}") = "CleanArchitectureApplicationLayer", "CleanArchitectureModelDesign\CleanArchitectureApplicationLayer.csproj", "{BF71B15F-1184-49F6-BE70-7422431E6C29}"
EndProject
Project("{FAE04EC0-301F-11D3-BF4B-00C04F79EFBC}") = "CleanArchitectureDomainLayer", "CleanArchitectureDomainLayer\CleanArchitectureDomainLayer.csproj", "{1CF58D17-8080-49E0-9C25-C945A36CB5EB}"
EndProject
Project("{FAE04EC0-301F-11D3-BF4B-00C04F79EFBC}") = "CleanArchitectureInfrastructureLayer", "CleanArchitectureInfrastructureLayer\CleanArchitectureInfrastructureLayer.csproj", "{ED323F12-12AF-4585-8EAF-A9EB6DC0C81D}"
EndProject
Project("{FAE04EC0-301F-11D3-BF4B-00C04F79EFBC}") = "CleanArchitectureUnitTestLayer", "CleanArchitectureUnitTestLayer\CleanArchitectureUnitTestLayer.csproj", "{18E72A65-355A-4A1C-9BD2-CCED3C86399D}"
EndProject
Global
	GlobalSection(SolutionConfigurationPlatforms) = preSolution
		Debug|Any CPU = Debug|Any CPU
		Release|Any CPU = Release|Any CPU
	EndGlobalSection
	GlobalSection(ProjectConfigurationPlatforms) = postSolution
		{BF71B15F-1184-49F6-BE70-7422431E6C29}.Debug|Any CPU.ActiveCfg = Debug|Any CPU
		{BF71B15F-1184-49F6-BE70-7422431E6C29}.Debug|Any CPU.Build.0 = Debug|Any CPU
		{BF71B15F-1184-49F6-BE70-7422431E6C29}.Release|Any CPU.ActiveCfg = Release|Any CPU
		{BF71B15F-1184-49F6-BE70-7422431E6C29}.Release|Any CPU.Build.0 = Release|Any CPU
		{1CF58D17-8080-49E0-9C25-C945A36CB5EB}.Debug|Any CPU.ActiveCfg = Debug|Any CPU
		{1CF58D17-8080-49E0-9C25-C945A36CB5EB}.Debug|Any CPU.Build.0 = Debug|Any CPU
		{1CF58D17-8080-49E0-9C25-C945A36CB5EB}.Release|Any CPU.ActiveCfg = Release|Any CPU
		{1CF58D17-8080-49E0-9C25-C945A36CB5EB}.Release|Any CPU.Build.0 = Release|Any CPU
		{ED323F12-12AF-4585-8EAF-A9EB6DC0C81D}.Debug|Any CPU.ActiveCfg = Debug|Any CPU
		{ED323F12-12AF-4585-8EAF-A9EB6DC0C81D}.Debug|Any CPU.Build.0 = Debug|Any CPU
		{ED323F12-12AF-4585-8EAF-A9EB6DC0C81D}.Release|Any CPU.ActiveCfg = Release|Any CPU
		{ED323F12-12AF-4585-8EAF-A9EB6DC0C81D}.Release|Any CPU.Build.0 = Release|Any CPU
		{18E72A65-355A-4A1C-9BD2-CCED3C86399D}.Debug|Any CPU.ActiveCfg = Debug|Any CPU
		{18E72A65-355A-4A1C-9BD2-CCED3C86399D}.Debug|Any CPU.Build.0 = Debug|Any CPU
		{18E72A65-355A-4A1C-9BD2-CCED3C86399D}.Release|Any CPU.ActiveCfg = Release|Any CPU
		{18E72A65-355A-4A1C-9BD2-CCED3C86399D}.Release|Any CPU.Build.0 = Release|Any CPU
	EndGlobalSection
	GlobalSection(SolutionProperties) = preSolution
		HideSolutionNode = FALSE
	EndGlobalSection
	GlobalSection(ExtensibilityGlobals) = postSolution
		SolutionGuid = {E7FDC41E-5211-4AEC-B8E1-349E1B979235}
	EndGlobalSection
EndGlobal
